
Microsoft Visual Studio Solution File, Format Version 12.00
# Visual Studio Version 16
VisualStudioVersion = 16.0.29201.188
MinimumVisualStudioVersion = 10.0.40219.1
Project("{FAE04EC0-301F-11D3-BF4B-00C04F79EFBC}") = "VertexBenderCS", "VertexBenderCS\VertexBenderCS.csproj", "{5C9B8551-4002-4BDE-8619-ACEA2A14D608}"
	ProjectSection(ProjectDependencies) = postProject
		{4D888F1D-6D88-4B30-B3D2-205A688EE2D2} = {4D888F1D-6D88-4B30-B3D2-205A688EE2D2}
	EndProjectSection
EndProject
Project("{FAE04EC0-301F-11D3-BF4B-00C04F79EFBC}") = "Engine", "Engine\Engine.csproj", "{4D888F1D-6D88-4B30-B3D2-205A688EE2D2}"
EndProject
Global
	GlobalSection(SolutionConfigurationPlatforms) = preSolution
		Debug|Any CPU = Debug|Any CPU
		Release|Any CPU = Release|Any CPU
	EndGlobalSection
	GlobalSection(ProjectConfigurationPlatforms) = postSolution
		{5C9B8551-4002-4BDE-8619-ACEA2A14D608}.Debug|Any CPU.ActiveCfg = Debug|Any CPU
		{5C9B8551-4002-4BDE-8619-ACEA2A14D608}.Debug|Any CPU.Build.0 = Debug|Any CPU
		{5C9B8551-4002-4BDE-8619-ACEA2A14D608}.Release|Any CPU.ActiveCfg = Release|Any CPU
		{5C9B8551-4002-4BDE-8619-ACEA2A14D608}.Release|Any CPU.Build.0 = Release|Any CPU
		{4D888F1D-6D88-4B30-B3D2-205A688EE2D2}.Debug|Any CPU.ActiveCfg = Debug|Any CPU
		{4D888F1D-6D88-4B30-B3D2-205A688EE2D2}.Debug|Any CPU.Build.0 = Debug|Any CPU
		{4D888F1D-6D88-4B30-B3D2-205A688EE2D2}.Release|Any CPU.ActiveCfg = Release|Any CPU
		{4D888F1D-6D88-4B30-B3D2-205A688EE2D2}.Release|Any CPU.Build.0 = Release|Any CPU
	EndGlobalSection
	GlobalSection(SolutionProperties) = preSolution
		HideSolutionNode = FALSE
	EndGlobalSection
	GlobalSection(ExtensibilityGlobals) = postSolution
		SolutionGuid = {1F922E92-1AF9-46E5-AE71-3169CD7DEA8B}
	EndGlobalSection
EndGlobal
